// !$*UTF8*$!
{
	archiveVersion = 1;
	classes = {
	};
	objectVersion = 50;
	objects = {

/* Begin PBXBuildFile section */
		DC26BCB82A4328780089BAE7 /* AppDelegate.swift in Sources */ = {isa = PBXBuildFile; fileRef = DC26BCB72A4328780089BAE7 /* AppDelegate.swift */; };
		DC26BCBA2A4328780089BAE7 /* SceneDelegate.swift in Sources */ = {isa = PBXBuildFile; fileRef = DC26BCB92A4328780089BAE7 /* SceneDelegate.swift */; };
		DC26BCBC2A4328780089BAE7 /* ViewController.swift in Sources */ = {isa = PBXBuildFile; fileRef = DC26BCBB2A4328780089BAE7 /* ViewController.swift */; };
		DC26BCBF2A4328780089BAE7 /* Main.storyboard in Resources */ = {isa = PBXBuildFile; fileRef = DC26BCBD2A4328780089BAE7 /* Main.storyboard */; };
		DC26BCC12A43287F0089BAE7 /* Assets.xcassets in Resources */ = {isa = PBXBuildFile; fileRef = DC26BCC02A43287F0089BAE7 /* Assets.xcassets */; };
		DC26BCC42A43287F0089BAE7 /* LaunchScreen.storyboard in Resources */ = {isa = PBXBuildFile; fileRef = DC26BCC22A43287F0089BAE7 /* LaunchScreen.storyboard */; };
		DC26BCCE2A432A0D0089BAE7 /* File.swift in Sources */ = {isa = PBXBuildFile; fileRef = DC26BCCD2A432A0D0089BAE7 /* File.swift */; };
/* End PBXBuildFile section */

/* Begin PBXFileReference section */
		DC26BCB42A4328780089BAE7 /* Pesquisa_Cep.app */ = {isa = PBXFileReference; explicitFileType = wrapper.application; includeInIndex = 0; path = Pesquisa_Cep.app; sourceTree = BUILT_PRODUCTS_DIR; };
		DC26BCB72A4328780089BAE7 /* AppDelegate.swift */ = {isa = PBXFileReference; lastKnownFileType = sourcecode.swift; path = AppDelegate.swift; sourceTree = "<group>"; };
		DC26BCB92A4328780089BAE7 /* SceneDelegate.swift */ = {isa = PBXFileReference; lastKnownFileType = sourcecode.swift; path = SceneDelegate.swift; sourceTree = "<group>"; };
		DC26BCBB2A4328780089BAE7 /* ViewController.swift */ = {isa = PBXFileReference; lastKnownFileType = sourcecode.swift; path = ViewController.swift; sourceTree = "<group>"; };
		DC26BCBE2A4328780089BAE7 /* Base */ = {isa = PBXFileReference; lastKnownFileType = file.storyboard; name = Base; path = Base.lproj/Main.storyboard; sourceTree = "<group>"; };
		DC26BCC02A43287F0089BAE7 /* Assets.xcassets */ = {isa = PBXFileReference; lastKnownFileType = folder.assetcatalog; path = Assets.xcassets; sourceTree = "<group>"; };
		DC26BCC32A43287F0089BAE7 /* Base */ = {isa = PBXFileReference; lastKnownFileType = file.storyboard; name = Base; path = Base.lproj/LaunchScreen.storyboard; sourceTree = "<group>"; };
		DC26BCC52A43287F0089BAE7 /* Info.plist */ = {isa = PBXFileReference; lastKnownFileType = text.plist.xml; path = Info.plist; sourceTree = "<group>"; };
		DC26BCCD2A432A0D0089BAE7 /* File.swift */ = {isa = PBXFileReference; lastKnownFileType = sourcecode.swift; path = File.swift; sourceTree = "<group>"; };
/* End PBXFileReference section */

/* Begin PBXFrameworksBuildPhase section */
		DC26BCB12A4328780089BAE7 /* Frameworks */ = {
			isa = PBXFrameworksBuildPhase;
			buildActionMask = 2147483647;
			files = (
			);
			runOnlyForDeploymentPostprocessing = 0;
		};
/* End PBXFrameworksBuildPhase section */

/* Begin PBXGroup section */
		DC26BCAB2A4328780089BAE7 = {
			isa = PBXGroup;
			children = (
				DC26BCB62A4328780089BAE7 /* Pesquisa_Cep */,
				DC26BCB52A4328780089BAE7 /* Products */,
			);
			sourceTree = "<group>";
		};
		DC26BCB52A4328780089BAE7 /* Products */ = {
			isa = PBXGroup;
			children = (
				DC26BCB42A4328780089BAE7 /* Pesquisa_Cep.app */,
			);
			name = Products;
			sourceTree = "<group>";
		};
		DC26BCB62A4328780089BAE7 /* Pesquisa_Cep */ = {
			isa = PBXGroup;
			children = (
				DC26BCCC2A4329F40089BAE7 /* Data */,
				DC26BCB72A4328780089BAE7 /* AppDelegate.swift */,
				DC26BCB92A4328780089BAE7 /* SceneDelegate.swift */,
				DC26BCBB2A4328780089BAE7 /* ViewController.swift */,
				DC26BCBD2A4328780089BAE7 /* Main.storyboard */,
				DC26BCC02A43287F0089BAE7 /* Assets.xcassets */,
				DC26BCC22A43287F0089BAE7 /* LaunchScreen.storyboard */,
				DC26BCC52A43287F0089BAE7 /* Info.plist */,
			);
			path = Pesquisa_Cep;
			sourceTree = "<group>";
		};
		DC26BCCC2A4329F40089BAE7 /* Data */ = {
			isa = PBXGroup;
			children = (
				DC26BCCD2A432A0D0089BAE7 /* File.swift */,
			);
			path = Data;
			sourceTree = "<group>";
		};
/* End PBXGroup section */

/* Begin PBXNativeTarget section */
		DC26BCB32A4328780089BAE7 /* Pesquisa_Cep */ = {
			isa = PBXNativeTarget;
			buildConfigurationList = DC26BCC82A43287F0089BAE7 /* Build configuration list for PBXNativeTarget "Pesquisa_Cep" */;
			buildPhases = (
				DC26BCB02A4328780089BAE7 /* Sources */,
				DC26BCB12A4328780089BAE7 /* Frameworks */,
				DC26BCB22A4328780089BAE7 /* Resources */,
			);
			buildRules = (
			);
			dependencies = (
			);
			name = Pesquisa_Cep;
			productName = Pesquisa_Cep;
			productReference = DC26BCB42A4328780089BAE7 /* Pesquisa_Cep.app */;
			productType = "com.apple.product-type.application";
		};
/* End PBXNativeTarget section */

/* Begin PBXProject section */
		DC26BCAC2A4328780089BAE7 /* Project object */ = {
			isa = PBXProject;
			attributes = {
				LastSwiftUpdateCheck = 1200;
				LastUpgradeCheck = 1200;
				TargetAttributes = {
					DC26BCB32A4328780089BAE7 = {
						CreatedOnToolsVersion = 12.0.1;
					};
				};
			};
			buildConfigurationList = DC26BCAF2A4328780089BAE7 /* Build configuration list for PBXProject "Pesquisa_Cep" */;
			compatibilityVersion = "Xcode 9.3";
			developmentRegion = en;
			hasScannedForEncodings = 0;
			knownRegions = (
				en,
				Base,
			);
			mainGroup = DC26BCAB2A4328780089BAE7;
			productRefGroup = DC26BCB52A4328780089BAE7 /* Products */;
			projectDirPath = "";
			projectRoot = "";
			targets = (
				DC26BCB32A4328780089BAE7 /* Pesquisa_Cep */,
			);
		};
/* End PBXProject section */

/* Begin PBXResourcesBuildPhase section */
		DC26BCB22A4328780089BAE7 /* Resources */ = {
			isa = PBXResourcesBuildPhase;
			buildActionMask = 2147483647;
			files = (
				DC26BCC42A43287F0089BAE7 /* LaunchScreen.storyboard in Resources */,
				DC26BCC12A43287F0089BAE7 /* Assets.xcassets in Resources */,
				DC26BCBF2A4328780089BAE7 /* Main.storyboard in Resources */,
			);
			runOnlyForDeploymentPostprocessing = 0;
		};
/* End PBXResourcesBuildPhase section */

/* Begin PBXSourcesBuildPhase section */
		DC26BCB02A4328780089BAE7 /* Sources */ = {
			isa = PBXSourcesBuildPhase;
			buildActionMask = 2147483647;
			files = (
				DC26BCBC2A4328780089BAE7 /* ViewController.swift in Sources */,
				DC26BCCE2A432A0D0089BAE7 /* File.swift in Sources */,
				DC26BCB82A4328780089BAE7 /* AppDelegate.swift in Sources */,
				DC26BCBA2A4328780089BAE7 /* SceneDelegate.swift in Sources */,
			);
			runOnlyForDeploymentPostprocessing = 0;
		};
/* End PBXSourcesBuildPhase section */

/* Begin PBXVariantGroup section */
		DC26BCBD2A4328780089BAE7 /* Main.storyboard */ = {
			isa = PBXVariantGroup;
			children = (
				DC26BCBE2A4328780089BAE7 /* Base */,
			);
			name = Main.storyboard;
			sourceTree = "<group>";
		};
		DC26BCC22A43287F0089BAE7 /* LaunchScreen.storyboard */ = {
			isa = PBXVariantGroup;
			children = (
				DC26BCC32A43287F0089BAE7 /* Base */,
			);
			name = LaunchScreen.storyboard;
			sourceTree = "<group>";
		};
/* End PBXVariantGroup section */

/* Begin XCBuildConfiguration section */
		DC26BCC62A43287F0089BAE7 /* Debug */ = {
			isa = XCBuildConfiguration;
			buildSettings = {
				ALWAYS_SEARCH_USER_PATHS = NO;
				CLANG_ANALYZER_NONNULL = YES;
				CLANG_ANALYZER_NUMBER_OBJECT_CONVERSION = YES_AGGRESSIVE;
				CLANG_CXX_LANGUAGE_STANDARD = "gnu++14";
				CLANG_CXX_LIBRARY = "libc++";
				CLANG_ENABLE_MODULES = YES;
				CLANG_ENABLE_OBJC_ARC = YES;
				CLANG_ENABLE_OBJC_WEAK = YES;
				CLANG_WARN_BLOCK_CAPTURE_AUTORELEASING = YES;
				CLANG_WARN_BOOL_CONVERSION = YES;
				CLANG_WARN_COMMA = YES;
				CLANG_WARN_CONSTANT_CONVERSION = YES;
				CLANG_WARN_DEPRECATED_OBJC_IMPLEMENTATIONS = YES;
				CLANG_WARN_DIRECT_OBJC_ISA_USAGE = YES_ERROR;
				CLANG_WARN_DOCUMENTATION_COMMENTS = YES;
				CLANG_WARN_EMPTY_BODY = YES;
				CLANG_WARN_ENUM_CONVERSION = YES;
				CLANG_WARN_INFINITE_RECURSION = YES;
				CLANG_WARN_INT_CONVERSION = YES;
				CLANG_WARN_NON_LITERAL_NULL_CONVERSION = YES;
				CLANG_WARN_OBJC_IMPLICIT_RETAIN_SELF = YES;
				CLANG_WARN_OBJC_LITERAL_CONVERSION = YES;
				CLANG_WARN_OBJC_ROOT_CLASS = YES_ERROR;
				CLANG_WARN_QUOTED_INCLUDE_IN_FRAMEWORK_HEADER = YES;
				CLANG_WARN_RANGE_LOOP_ANALYSIS = YES;
				CLANG_WARN_STRICT_PROTOTYPES = YES;
				CLANG_WARN_SUSPICIOUS_MOVE = YES;
				CLANG_WARN_UNGUARDED_AVAILABILITY = YES_AGGRESSIVE;
				CLANG_WARN_UNREACHABLE_CODE = YES;
				CLANG_WARN__DUPLICATE_METHOD_MATCH = YES;
				COPY_PHASE_STRIP = NO;
				DEBUG_INFORMATION_FORMAT = dwarf;
				ENABLE_STRICT_OBJC_MSGSEND = YES;
				ENABLE_TESTABILITY = YES;
				GCC_C_LANGUAGE_STANDARD = gnu11;
				GCC_DYNAMIC_NO_PIC = NO;
				GCC_NO_COMMON_BLOCKS = YES;
				GCC_OPTIMIZATION_LEVEL = 0;
				GCC_PREPROCESSOR_DEFINITIONS = (
					"DEBUG=1",
					"$(inherited)",
				);
				GCC_WARN_64_TO_32_BIT_CONVERSION = YES;
				GCC_WARN_ABOUT_RETURN_TYPE = YES_ERROR;
				GCC_WARN_UNDECLARED_SELECTOR = YES;
				GCC_WARN_UNINITIALIZED_AUTOS = YES_AGGRESSIVE;
				GCC_WARN_UNUSED_FUNCTION = YES;
				GCC_WARN_UNUSED_VARIABLE = YES;
				IPHONEOS_DEPLOYMENT_TARGET = 14.0;
				MTL_ENABLE_DEBUG_INFO = INCLUDE_SOURCE;
				MTL_FAST_MATH = YES;
				ONLY_ACTIVE_ARCH = YES;
				SDKROOT = iphoneos;
				SWIFT_ACTIVE_COMPILATION_CONDITIONS = DEBUG;
				SWIFT_OPTIMIZATION_LEVEL = "-Onone";
			};
			name = Debug;
		};
		DC26BCC72A43287F0089BAE7 /* Release */ = {
			isa = XCBuildConfiguration;
			buildSettings = {
				ALWAYS_SEARCH_USER_PATHS = NO;
				CLANG_ANALYZER_NONNULL = YES;
				CLANG_ANALYZER_NUMBER_OBJECT_CONVERSION = YES_AGGRESSIVE;
				CLANG_CXX_LANGUAGE_STANDARD = "gnu++14";
				CLANG_CXX_LIBRARY = "libc++";
				CLANG_ENABLE_MODULES = YES;
				CLANG_ENABLE_OBJC_ARC = YES;
				CLANG_ENABLE_OBJC_WEAK = YES;
				CLANG_WARN_BLOCK_CAPTURE_AUTORELEASING = YES;
				CLANG_WARN_BOOL_CONVERSION = YES;
				CLANG_WARN_COMMA = YES;
				CLANG_WARN_CONSTANT_CONVERSION = YES;
				CLANG_WARN_DEPRECATED_OBJC_IMPLEMENTATIONS = YES;
				CLANG_WARN_DIRECT_OBJC_ISA_USAGE = YES_ERROR;
				CLANG_WARN_DOCUMENTATION_COMMENTS = YES;
				CLANG_WARN_EMPTY_BODY = YES;
				CLANG_WARN_ENUM_CONVERSION = YES;
				CLANG_WARN_INFINITE_RECURSION = YES;
				CLANG_WARN_INT_CONVERSION = YES;
				CLANG_WARN_NON_LITERAL_NULL_CONVERSION = YES;
				CLANG_WARN_OBJC_IMPLICIT_RETAIN_SELF = YES;
				CLANG_WARN_OBJC_LITERAL_CONVERSION = YES;
				CLANG_WARN_OBJC_ROOT_CLASS = YES_ERROR;
				CLANG_WARN_QUOTED_INCLUDE_IN_FRAMEWORK_HEADER = YES;
				CLANG_WARN_RANGE_LOOP_ANALYSIS = YES;
				CLANG_WARN_STRICT_PROTOTYPES = YES;
				CLANG_WARN_SUSPICIOUS_MOVE = YES;
				CLANG_WARN_UNGUARDED_AVAILABILITY = YES_AGGRESSIVE;
				CLANG_WARN_UNREACHABLE_CODE = YES;
				CLANG_WARN__DUPLICATE_METHOD_MATCH = YES;
				COPY_PHASE_STRIP = NO;
				DEBUG_INFORMATION_FORMAT = "dwarf-with-dsym";
				ENABLE_NS_ASSERTIONS = NO;
				ENABLE_STRICT_OBJC_MSGSEND = YES;
				GCC_C_LANGUAGE_STANDARD = gnu11;
				GCC_NO_COMMON_BLOCKS = YES;
				GCC_WARN_64_TO_32_BIT_CONVERSION = YES;
				GCC_WARN_ABOUT_RETURN_TYPE = YES_ERROR;
				GCC_WARN_UNDECLARED_SELECTOR = YES;
				GCC_WARN_UNINITIALIZED_AUTOS = YES_AGGRESSIVE;
				GCC_WARN_UNUSED_FUNCTION = YES;
				GCC_WARN_UNUSED_VARIABLE = YES;
				IPHONEOS_DEPLOYMENT_TARGET = 14.0;
				MTL_ENABLE_DEBUG_INFO = NO;
				MTL_FAST_MATH = YES;
				SDKROOT = iphoneos;
				SWIFT_COMPILATION_MODE = wholemodule;
				SWIFT_OPTIMIZATION_LEVEL = "-O";
				VALIDATE_PRODUCT = YES;
			};
			name = Release;
		};
		DC26BCC92A43287F0089BAE7 /* Debug */ = {
			isa = XCBuildConfiguration;
			buildSettings = {
				ASSETCATALOG_COMPILER_APPICON_NAME = AppIcon;
				ASSETCATALOG_COMPILER_GLOBAL_ACCENT_COLOR_NAME = AccentColor;
				CODE_SIGN_STYLE = Automatic;
				INFOPLIST_FILE = Pesquisa_Cep/Info.plist;
				LD_RUNPATH_SEARCH_PATHS = (
					"$(inherited)",
					"@executable_path/Frameworks",
				);
				PRODUCT_BUNDLE_IDENTIFIER = "com.cotemig.Pesquisa-Cep";
				PRODUCT_NAME = "$(TARGET_NAME)";
				SWIFT_VERSION = 5.0;
				TARGETED_DEVICE_FAMILY = "1,2";
			};
			name = Debug;
		};
		DC26BCCA2A43287F0089BAE7 /* Release */ = {
			isa = XCBuildConfiguration;
			buildSettings = {
				ASSETCATALOG_COMPILER_APPICON_NAME = AppIcon;
				ASSETCATALOG_COMPILER_GLOBAL_ACCENT_COLOR_NAME = AccentColor;
				CODE_SIGN_STYLE = Automatic;
				INFOPLIST_FILE = Pesquisa_Cep/Info.plist;
				LD_RUNPATH_SEARCH_PATHS = (
					"$(inherited)",
					"@executable_path/Frameworks",
				);
				PRODUCT_BUNDLE_IDENTIFIER = "com.cotemig.Pesquisa-Cep";
				PRODUCT_NAME = "$(TARGET_NAME)";
				SWIFT_VERSION = 5.0;
				TARGETED_DEVICE_FAMILY = "1,2";
			};
			name = Release;
		};
/* End XCBuildConfiguration section */

/* Begin XCConfigurationList section */
		DC26BCAF2A4328780089BAE7 /* Build configuration list for PBXProject "Pesquisa_Cep" */ = {
			isa = XCConfigurationList;
			buildConfigurations = (
				DC26BCC62A43287F0089BAE7 /* Debug */,
				DC26BCC72A43287F0089BAE7 /* Release */,
			);
			defaultConfigurationIsVisible = 0;
			defaultConfigurationName = Release;
		};
		DC26BCC82A43287F0089BAE7 /* Build configuration list for PBXNativeTarget "Pesquisa_Cep" */ = {
			isa = XCConfigurationList;
			buildConfigurations = (
				DC26BCC92A43287F0089BAE7 /* Debug */,
				DC26BCCA2A43287F0089BAE7 /* Release */,
			);
			defaultConfigurationIsVisible = 0;
			defaultConfigurationName = Release;
		};
/* End XCConfigurationList section */
	};
	rootObject = DC26BCAC2A4328780089BAE7 /* Project object */;
}
